
Microsoft Visual Studio Solution File, Format Version 12.00
# Visual Studio Version 16
VisualStudioVersion = 16.0.30406.217
MinimumVisualStudioVersion = 10.0.40219.1
Project("{FAE04EC0-301F-11D3-BF4B-00C04F79EFBC}") = "SalesWebMvc", "SalesWebMvc\SalesWebMvc.csproj", "{60643A71-35D8-45FF-96B4-E89AB2F7C11F}"
EndProject
Global
	GlobalSection(SolutionConfigurationPlatforms) = preSolution
		Debug|Any CPU = Debug|Any CPU
		Release|Any CPU = Release|Any CPU
	EndGlobalSection
	GlobalSection(ProjectConfigurationPlatforms) = postSolution
		{60643A71-35D8-45FF-96B4-E89AB2F7C11F}.Debug|Any CPU.ActiveCfg = Debug|Any CPU
		{60643A71-35D8-45FF-96B4-E89AB2F7C11F}.Debug|Any CPU.Build.0 = Debug|Any CPU
		{60643A71-35D8-45FF-96B4-E89AB2F7C11F}.Release|Any CPU.ActiveCfg = Release|Any CPU
		{60643A71-35D8-45FF-96B4-E89AB2F7C11F}.Release|Any CPU.Build.0 = Release|Any CPU
	EndGlobalSection
	GlobalSection(SolutionProperties) = preSolution
		HideSolutionNode = FALSE
	EndGlobalSection
	GlobalSection(ExtensibilityGlobals) = postSolution
		SolutionGuid = {24432B53-B7A6-4C96-B486-604F22E5117D}
	EndGlobalSection
EndGlobal
